	<Project xmlns="http://schemas.microsoft.com/developer/msbuild/2003">
		<PropertyGroup>
			<ProjectGuid>{45B85690-5F9A-4479-B9CF-078A3BC45BED}</ProjectGuid>
			<ProjectVersion>12.0</ProjectVersion>
			<Config Condition="'$(Config)'==''">Debug</Config>
			<DCC_DCCCompiler>DCC32</DCC_DCCCompiler>
			<MainSource>Spring.Tests.dpr</MainSource>
		</PropertyGroup>
		<PropertyGroup Condition="'$(Config)'=='Base' or '$(Base)'!=''">
			<Base>true</Base>
		</PropertyGroup>
		<PropertyGroup Condition="'$(Config)'=='Release' or '$(Cfg_1)'!=''">
			<Cfg_1>true</Cfg_1>
			<CfgParent>Base</CfgParent>
			<Base>true</Base>
		</PropertyGroup>
		<PropertyGroup Condition="'$(Config)'=='Debug' or '$(Cfg_2)'!=''">
			<Cfg_2>true</Cfg_2>
			<CfgParent>Base</CfgParent>
			<Base>true</Base>
		</PropertyGroup>
		<PropertyGroup Condition="'$(Base)'!=''">
			<DCC_UNIT_PLATFORM>false</DCC_UNIT_PLATFORM>
			<DCC_SYMBOL_PLATFORM>false</DCC_SYMBOL_PLATFORM>
			<DCC_UnitSearchPath>$(BDS)\Source\DUnit\src;..\Source\Base;..\Source\Base\Collections;..\Source\Base\Utils;..\Source\Base\Cryptography;..\Source\Core;..\Source\Core\IoC;..\Source\Core\Pool;..\Source\Core\Binding;..\Source\Extensions;..\Source\Extensions\Numbering;$(DCC_UnitSearchPath)</DCC_UnitSearchPath>
			<DCC_Define>_CONSOLE_TESTRUNNER;$(DCC_Define)</DCC_Define>
			<DCC_UnitAlias>WinTypes=Windows;WinProcs=Windows;DbiTypes=BDE;DbiProcs=BDE;DbiErrs=BDE;$(DCC_UnitAlias)</DCC_UnitAlias>
			<DCC_DependencyCheckOutputName>Spring.Tests.exe</DCC_DependencyCheckOutputName>
			<DCC_UsePackage>vcl;rtl;vclx;vclactnband;dbrtl;vcldb;vcldbx;bdertl;xmlrtl;dsnap;dsnapcon;adortl;IndyCore;IndySystem;IndyProtocols;VclSmp;vclie;inet;websnap;webdsnap;inetdb;inetdbbde;inetdbxpress;soaprtl;vclribbon;dbexpress;DbxCommonDriver;DataSnapIndy10ServerTransport;DataSnapProviderClient;DataSnapServer;DbxClientDriver;DBXInterBaseDriver;DBXMySQLDriver;dbxcds;DBXSybaseASEDriver;DBXSybaseASADriver;DBXOracleDriver;DBXMSSQLDriver;DBXInformixDriver;DBXDb2Driver</DCC_UsePackage>
			<DCC_ImageBase>00400000</DCC_ImageBase>
			<DCC_Platform>x86</DCC_Platform>
		</PropertyGroup>
		<PropertyGroup Condition="'$(Cfg_1)'!=''">
			<DCC_DependencyCheckOutputName>Bin\Release\Spring.Tests.exe</DCC_DependencyCheckOutputName>
			<DCC_ExeOutput>Bin\Release</DCC_ExeOutput>
			<DCC_DcuOutput>Lib\Release</DCC_DcuOutput>
			<DCC_LocalDebugSymbols>false</DCC_LocalDebugSymbols>
			<DCC_Define>RELEASE;$(DCC_Define)</DCC_Define>
			<DCC_SymbolReferenceInfo>0</DCC_SymbolReferenceInfo>
			<DCC_DebugInformation>false</DCC_DebugInformation>
		</PropertyGroup>
		<PropertyGroup Condition="'$(Cfg_2)'!=''">
			<DCC_DependencyCheckOutputName>Bin\Debug\Spring.Tests.exe</DCC_DependencyCheckOutputName>
			<DCC_ExeOutput>Bin\Debug</DCC_ExeOutput>
			<DCC_DcuOutput>Lib\Debug</DCC_DcuOutput>
			<DCC_Optimize>false</DCC_Optimize>
			<DCC_DebugDCUs>true</DCC_DebugDCUs>
			<DCC_Define>DEBUG;$(DCC_Define)</DCC_Define>
		</PropertyGroup>
		<ItemGroup>
			<DelphiCompile Include="Spring.Tests.dpr">
				<MainSource>MainSource</MainSource>
			</DelphiCompile>
			<DCCReference Include="Source\Extensions\Spring.Tests.Numbering.pas"/>
			<DCCReference Include="Source\Base\Spring.Tests.Cryptography.pas"/>
			<DCCReference Include="Source\Base\Spring.Tests.DesignPatterns.pas"/>
			<DCCReference Include="Source\Base\Spring.Tests.Helpers.pas"/>
			<DCCReference Include="Source\Base\Spring.Tests.System.pas"/>
			<DCCReference Include="Source\Base\Spring.Tests.Utils.pas"/>
			<DCCReference Include="Source\Core\Spring.Tests.IoC.Components.pas"/>
			<DCCReference Include="Source\Core\Spring.Tests.IoC.LifetimeManager.pas"/>
			<DCCReference Include="Source\Core\Spring.Tests.IoC.pas"/>
			<DCCReference Include="Source\Core\Spring.Tests.Pool.pas"/>
			<DCCReference Include="Source\Base\Spring.Tests.ValueConverters.pas"/>
			<DCCReference Include="Source\Base\Spring.Tests.Reflection.pas"/>
			<BuildConfiguration Include="Base">
				<Key>Base</Key>
			</BuildConfiguration>
			<BuildConfiguration Include="Debug">
				<Key>Cfg_2</Key>
				<CfgParent>Base</CfgParent>
			</BuildConfiguration>
			<BuildConfiguration Include="Release">
				<Key>Cfg_1</Key>
				<CfgParent>Base</CfgParent>
			</BuildConfiguration>
		</ItemGroup>
		<Import Project="$(BDS)\Bin\CodeGear.Delphi.Targets" Condition="Exists('$(BDS)\Bin\CodeGear.Delphi.Targets')"/>
		<ProjectExtensions>
			<Borland.Personality>Delphi.Personality.12</Borland.Personality>
			<Borland.ProjectType/>
			<BorlandProject>
				<Delphi.Personality>
					<Parameters>
						<Parameters Name="UseLauncher">False</Parameters>
						<Parameters Name="LoadAllSymbols">True</Parameters>
						<Parameters Name="LoadUnspecifiedSymbols">False</Parameters>
					</Parameters>
					<VersionInfo>
						<VersionInfo Name="IncludeVerInfo">True</VersionInfo>
						<VersionInfo Name="AutoIncBuild">False</VersionInfo>
						<VersionInfo Name="MajorVer">0</VersionInfo>
						<VersionInfo Name="MinorVer">1</VersionInfo>
						<VersionInfo Name="Release">2</VersionInfo>
						<VersionInfo Name="Build">1050</VersionInfo>
						<VersionInfo Name="Debug">False</VersionInfo>
						<VersionInfo Name="PreRelease">False</VersionInfo>
						<VersionInfo Name="Special">False</VersionInfo>
						<VersionInfo Name="Private">False</VersionInfo>
						<VersionInfo Name="DLL">False</VersionInfo>
						<VersionInfo Name="Locale">1033</VersionInfo>
						<VersionInfo Name="CodePage">1252</VersionInfo>
					</VersionInfo>
					<VersionInfoKeys>
						<VersionInfoKeys Name="CompanyName"/>
						<VersionInfoKeys Name="FileDescription">Spring Framework for Delphi Unit Tests</VersionInfoKeys>
						<VersionInfoKeys Name="FileVersion">0.1.2.1050</VersionInfoKeys>
						<VersionInfoKeys Name="InternalName"/>
						<VersionInfoKeys Name="LegalCopyright">Copyright (c) 2010 DevJet</VersionInfoKeys>
						<VersionInfoKeys Name="LegalTrademarks"/>
						<VersionInfoKeys Name="OriginalFilename"/>
						<VersionInfoKeys Name="ProductName"/>
						<VersionInfoKeys Name="ProductVersion">1.0.0.0</VersionInfoKeys>
						<VersionInfoKeys Name="Comments"/>
					</VersionInfoKeys>
					<Source>
						<Source Name="MainSource">Spring.Tests.dpr</Source>
					</Source>
					<isVersionControl>
						<isVersionControl Name="isVersionControlID"/>
					</isVersionControl>
					<VersionControl>
						<VersionControl Name="VersionControlID"/>
					</VersionControl>
					<Excluded_Packages>
						<Excluded_Packages Name="$(BDS)\bin\dcloffice2k140.bpl">Microsoft Office 2000 Sample Automation Server Wrapper Components</Excluded_Packages>
						<Excluded_Packages Name="$(BDS)\bin\dclofficexp140.bpl">Microsoft Office XP Sample Automation Server Wrapper Components</Excluded_Packages>
					</Excluded_Packages>
				</Delphi.Personality>
				<UnitTesting>
					<TestFramework>DUnit / Delphi Win32</TestFramework>
					<TestRunner>GUI</TestRunner>
				</UnitTesting>
				<ModelSupport>False</ModelSupport>
			</BorlandProject>
			<ProjectFileVersion>12</ProjectFileVersion>
		</ProjectExtensions>
	</Project>
