	<Project xmlns="http://schemas.microsoft.com/developer/msbuild/2003">
		<PropertyGroup>
			<ProjectGuid>{D7EA9EEC-EED3-4FAA-9F0C-D1A779D8EEFB}</ProjectGuid>
			<MainSource>Spring.Core.dpk</MainSource>
			<Config Condition="'$(Config)'==''">Debug</Config>
			<DCC_DCCCompiler>DCC32</DCC_DCCCompiler>
			<ProjectVersion>12.0</ProjectVersion>
		</PropertyGroup>
		<PropertyGroup Condition="'$(Config)'=='Base' or '$(Base)'!=''">
			<Base>true</Base>
		</PropertyGroup>
		<PropertyGroup Condition="'$(Config)'=='Release' or '$(Cfg_1)'!=''">
			<Cfg_1>true</Cfg_1>
			<CfgParent>Base</CfgParent>
			<Base>true</Base>
		</PropertyGroup>
		<PropertyGroup Condition="'$(Config)'=='Debug' or '$(Cfg_2)'!=''">
			<Cfg_2>true</Cfg_2>
			<CfgParent>Base</CfgParent>
			<Base>true</Base>
		</PropertyGroup>
		<PropertyGroup Condition="'$(Base)'!=''">
			<RuntimeOnlyPackage>true</RuntimeOnlyPackage>
			<DCC_UnitSearchPath>..\Source\Base;..\Source\Base\Collections;..\Source\Base\Cryptography;..\Source\Base\Utils;..\Source\Core\;..\Source\Core\IoC;..\Source\Core\Pool;..\Source\Core\Binding;$(DCC_UnitSearchPath)</DCC_UnitSearchPath>
			<DesignOnlyPackage>false</DesignOnlyPackage>
			<DCC_DependencyCheckOutputName>C:\Users\Public\Documents\RAD Studio\7.0\Bpl\Spring.Core.bpl</DCC_DependencyCheckOutputName>
			<DCC_UnitAlias>WinTypes=Windows;WinProcs=Windows;$(DCC_UnitAlias)</DCC_UnitAlias>
			<GenPackage>true</GenPackage>
			<GenDll>true</GenDll>
			<DCC_Description>Delphi Spring Framework Core Library</DCC_Description>
			<DCC_ImageBase>00400000</DCC_ImageBase>
			<DCC_Platform>x86</DCC_Platform>
			<DCC_ExeOutput>Bin</DCC_ExeOutput>
		</PropertyGroup>
		<PropertyGroup Condition="'$(Cfg_1)'!=''">
			<DCC_DcuOutput>$(SPRING_LIBRARY)\Release</DCC_DcuOutput>
			<DCC_LocalDebugSymbols>false</DCC_LocalDebugSymbols>
			<DCC_Define>RELEASE;$(DCC_Define)</DCC_Define>
			<DCC_SymbolReferenceInfo>0</DCC_SymbolReferenceInfo>
			<DCC_DebugInformation>false</DCC_DebugInformation>
		</PropertyGroup>
		<PropertyGroup Condition="'$(Cfg_2)'!=''">
			<DCC_DcuOutput>$(SPRING_LIBRARY)\Debug</DCC_DcuOutput>
			<DCC_Define>DEBUG;$(DCC_Define)</DCC_Define>
			<DCC_DebugDCUs>true</DCC_DebugDCUs>
		</PropertyGroup>
		<ItemGroup>
			<DelphiCompile Include="Spring.Core.dpk">
				<MainSource>MainSource</MainSource>
			</DelphiCompile>
			<DCCReference Include="rtl.dcp"/>
			<DCCReference Include="vcl.dcp"/>
			<DCCReference Include="xmlrtl.dcp"/>
			<DCCReference Include="Spring.Base.dcp"/>
			<DCCReference Include="vcldb.dcp"/>
			<DCCReference Include="..\Source\Core\IoC\Spring.IoC.Builder.pas"/>
			<DCCReference Include="..\Source\Core\IoC\Spring.IoC.ComponentActivator.pas"/>
			<DCCReference Include="..\Source\Core\IoC\Spring.IoC.Core.pas"/>
			<DCCReference Include="..\Source\Core\IoC\Spring.IoC.Injection.pas"/>
			<DCCReference Include="..\Source\Core\IoC\Spring.IoC.LifetimeManager.pas"/>
			<DCCReference Include="..\Source\Core\IoC\Spring.IoC.pas"/>
			<DCCReference Include="..\Source\Core\IoC\Spring.IoC.Registration.pas"/>
			<DCCReference Include="..\Source\Core\IoC\Spring.IoC.Resolvers.pas"/>
			<DCCReference Include="..\Source\Core\Spring.Core.ResourceStrings.pas"/>
			<DCCReference Include="..\Source\Core\Pool\Spring.Pool.pas"/>
			<DCCReference Include="..\Source\Core\Binding\Spring.Binding.pas"/>
			<DCCReference Include="..\Source\Core\Binding\Spring.Binding.DB.pas"/>
			<BuildConfiguration Include="Base">
				<Key>Base</Key>
			</BuildConfiguration>
			<BuildConfiguration Include="Debug">
				<Key>Cfg_2</Key>
				<CfgParent>Base</CfgParent>
			</BuildConfiguration>
			<BuildConfiguration Include="Release">
				<Key>Cfg_1</Key>
				<CfgParent>Base</CfgParent>
			</BuildConfiguration>
		</ItemGroup>
		<Import Project="$(BDS)\Bin\CodeGear.Delphi.Targets" Condition="Exists('$(BDS)\Bin\CodeGear.Delphi.Targets')"/>
		<ProjectExtensions>
			<Borland.Personality>Delphi.Personality.12</Borland.Personality>
			<Borland.ProjectType>Package</Borland.ProjectType>
			<BorlandProject>
				<Delphi.Personality>
					<Source>
						<Source Name="MainSource">Spring.Core.dpk</Source>
					</Source>
					<Parameters>
						<Parameters Name="UseLauncher">False</Parameters>
						<Parameters Name="LoadAllSymbols">True</Parameters>
						<Parameters Name="LoadUnspecifiedSymbols">False</Parameters>
					</Parameters>
					<VersionInfo>
						<VersionInfo Name="IncludeVerInfo">True</VersionInfo>
						<VersionInfo Name="AutoIncBuild">False</VersionInfo>
						<VersionInfo Name="MajorVer">0</VersionInfo>
						<VersionInfo Name="MinorVer">2</VersionInfo>
						<VersionInfo Name="Release">0</VersionInfo>
						<VersionInfo Name="Build">566</VersionInfo>
						<VersionInfo Name="Debug">False</VersionInfo>
						<VersionInfo Name="PreRelease">False</VersionInfo>
						<VersionInfo Name="Special">False</VersionInfo>
						<VersionInfo Name="Private">False</VersionInfo>
						<VersionInfo Name="DLL">False</VersionInfo>
						<VersionInfo Name="Locale">1033</VersionInfo>
						<VersionInfo Name="CodePage">1252</VersionInfo>
					</VersionInfo>
					<VersionInfoKeys>
						<VersionInfoKeys Name="CompanyName"/>
						<VersionInfoKeys Name="FileDescription">Delphi Spring Framework Core Library</VersionInfoKeys>
						<VersionInfoKeys Name="FileVersion">0.2.0.566</VersionInfoKeys>
						<VersionInfoKeys Name="InternalName"/>
						<VersionInfoKeys Name="LegalCopyright"/>
						<VersionInfoKeys Name="LegalTrademarks"/>
						<VersionInfoKeys Name="OriginalFilename"/>
						<VersionInfoKeys Name="ProductName"/>
						<VersionInfoKeys Name="ProductVersion">1.0.0.0</VersionInfoKeys>
						<VersionInfoKeys Name="Comments"/>
					</VersionInfoKeys>
					<Excluded_Packages>
						<Excluded_Packages Name="$(BDS)\bin\dcloffice2k140.bpl">Microsoft Office 2000 Sample Automation Server Wrapper Components</Excluded_Packages>
						<Excluded_Packages Name="$(BDS)\bin\dclofficexp140.bpl">Microsoft Office XP Sample Automation Server Wrapper Components</Excluded_Packages>
					</Excluded_Packages>
				</Delphi.Personality>
			</BorlandProject>
			<ProjectFileVersion>12</ProjectFileVersion>
		</ProjectExtensions>
	</Project>
